
Microsoft Visual Studio Solution File, Format Version 12.00
# Visual Studio 14
VisualStudioVersion = 14.0.25420.1
MinimumVisualStudioVersion = 10.0.40219.1
Project("{FAE04EC0-301F-11D3-BF4B-00C04F79EFBC}") = "Tank", "Tank\Tank.csproj", "{DC10A890-D2BE-421B-934D-B64B6F7F0DDB}"
EndProject
Project("{FAE04EC0-301F-11D3-BF4B-00C04F79EFBC}") = "TankModel", "TankModel\TankModel.csproj", "{B8626885-71D0-4275-81FD-FBE9FA438F35}"
EndProject
Project("{FAE04EC0-301F-11D3-BF4B-00C04F79EFBC}") = "TankView", "TankView\TankView.csproj", "{8D2F280E-DB34-4EC5-84D9-AB2C554512B0}"
EndProject
Global
	GlobalSection(SolutionConfigurationPlatforms) = preSolution
		Debug|Any CPU = Debug|Any CPU
		Release|Any CPU = Release|Any CPU
	EndGlobalSection
	GlobalSection(ProjectConfigurationPlatforms) = postSolution
		{DC10A890-D2BE-421B-934D-B64B6F7F0DDB}.Debug|Any CPU.ActiveCfg = Debug|Any CPU
		{DC10A890-D2BE-421B-934D-B64B6F7F0DDB}.Debug|Any CPU.Build.0 = Debug|Any CPU
		{DC10A890-D2BE-421B-934D-B64B6F7F0DDB}.Release|Any CPU.ActiveCfg = Release|Any CPU
		{DC10A890-D2BE-421B-934D-B64B6F7F0DDB}.Release|Any CPU.Build.0 = Release|Any CPU
		{B8626885-71D0-4275-81FD-FBE9FA438F35}.Debug|Any CPU.ActiveCfg = Debug|Any CPU
		{B8626885-71D0-4275-81FD-FBE9FA438F35}.Debug|Any CPU.Build.0 = Debug|Any CPU
		{B8626885-71D0-4275-81FD-FBE9FA438F35}.Release|Any CPU.ActiveCfg = Release|Any CPU
		{B8626885-71D0-4275-81FD-FBE9FA438F35}.Release|Any CPU.Build.0 = Release|Any CPU
		{8D2F280E-DB34-4EC5-84D9-AB2C554512B0}.Debug|Any CPU.ActiveCfg = Debug|Any CPU
		{8D2F280E-DB34-4EC5-84D9-AB2C554512B0}.Debug|Any CPU.Build.0 = Debug|Any CPU
		{8D2F280E-DB34-4EC5-84D9-AB2C554512B0}.Release|Any CPU.ActiveCfg = Release|Any CPU
		{8D2F280E-DB34-4EC5-84D9-AB2C554512B0}.Release|Any CPU.Build.0 = Release|Any CPU
	EndGlobalSection
	GlobalSection(SolutionProperties) = preSolution
		HideSolutionNode = FALSE
	EndGlobalSection
EndGlobal
